// !$*UTF8*$!
{
	archiveVersion = 1;
	classes = {
	};
	objectVersion = 46;
	objects = {

/* Begin PBXBuildFile section */
		1CFBD0FC17ED66AB006A93DE /* UIKit.framework in Frameworks */ = {isa = PBXBuildFile; fileRef = 1CFBD0FB17ED66AB006A93DE /* UIKit.framework */; };
		1CFBD0FE17ED66AB006A93DE /* Foundation.framework in Frameworks */ = {isa = PBXBuildFile; fileRef = 1CFBD0FD17ED66AB006A93DE /* Foundation.framework */; };
		1CFBD10017ED66AB006A93DE /* CoreGraphics.framework in Frameworks */ = {isa = PBXBuildFile; fileRef = 1CFBD0FF17ED66AB006A93DE /* CoreGraphics.framework */; };
		1CFBD10617ED66AC006A93DE /* InfoPlist.strings in Resources */ = {isa = PBXBuildFile; fileRef = 1CFBD10417ED66AC006A93DE /* InfoPlist.strings */; };
		1CFBD10817ED66AC006A93DE /* main.m in Sources */ = {isa = PBXBuildFile; fileRef = 1CFBD10717ED66AC006A93DE /* main.m */; };
		1CFBD10C17ED66AC006A93DE /* AppDelegate.m in Sources */ = {isa = PBXBuildFile; fileRef = 1CFBD10B17ED66AC006A93DE /* AppDelegate.m */; };
		1CFBD10E17ED66AC006A93DE /* Default.png in Resources */ = {isa = PBXBuildFile; fileRef = 1CFBD10D17ED66AC006A93DE /* Default.png */; };
		1CFBD11017ED66AC006A93DE /* Default@2x.png in Resources */ = {isa = PBXBuildFile; fileRef = 1CFBD10F17ED66AC006A93DE /* Default@2x.png */; };
		1CFBD11217ED66AC006A93DE /* Default-568h@2x.png in Resources */ = {isa = PBXBuildFile; fileRef = 1CFBD11117ED66AC006A93DE /* Default-568h@2x.png */; };
		1CFBD11517ED66AD006A93DE /* ViewController.m in Sources */ = {isa = PBXBuildFile; fileRef = 1CFBD11417ED66AD006A93DE /* ViewController.m */; };
		1CFBD11817ED66AD006A93DE /* ViewController_iPhone.xib in Resources */ = {isa = PBXBuildFile; fileRef = 1CFBD11617ED66AD006A93DE /* ViewController_iPhone.xib */; };
		1CFBD11B17ED66AD006A93DE /* ViewController_iPad.xib in Resources */ = {isa = PBXBuildFile; fileRef = 1CFBD11917ED66AD006A93DE /* ViewController_iPad.xib */; };
		1CFBD12417ED6708006A93DE /* ai.txt in Resources */ = {isa = PBXBuildFile; fileRef = 1CFBD12117ED6708006A93DE /* ai.txt */; };
		1CFBD12517ED6708006A93DE /* shinian.txt in Resources */ = {isa = PBXBuildFile; fileRef = 1CFBD12217ED6708006A93DE /* shinian.txt */; };
		1CFBD12617ED6708006A93DE /* zuishuxidemoshengren.txt in Resources */ = {isa = PBXBuildFile; fileRef = 1CFBD12317ED6708006A93DE /* zuishuxidemoshengren.txt */; };
/* End PBXBuildFile section */

/* Begin PBXFileReference section */
		1CFBD0F817ED66AB006A93DE /* Book.app */ = {isa = PBXFileReference; explicitFileType = wrapper.application; includeInIndex = 0; path = Book.app; sourceTree = BUILT_PRODUCTS_DIR; };
		1CFBD0FB17ED66AB006A93DE /* UIKit.framework */ = {isa = PBXFileReference; lastKnownFileType = wrapper.framework; name = UIKit.framework; path = System/Library/Frameworks/UIKit.framework; sourceTree = SDKROOT; };
		1CFBD0FD17ED66AB006A93DE /* Foundation.framework */ = {isa = PBXFileReference; lastKnownFileType = wrapper.framework; name = Foundation.framework; path = System/Library/Frameworks/Foundation.framework; sourceTree = SDKROOT; };
		1CFBD0FF17ED66AB006A93DE /* CoreGraphics.framework */ = {isa = PBXFileReference; lastKnownFileType = wrapper.framework; name = CoreGraphics.framework; path = System/Library/Frameworks/CoreGraphics.framework; sourceTree = SDKROOT; };
		1CFBD10317ED66AB006A93DE /* Book-Info.plist */ = {isa = PBXFileReference; lastKnownFileType = text.plist.xml; path = "Book-Info.plist"; sourceTree = "<group>"; };
		1CFBD10517ED66AC006A93DE /* en */ = {isa = PBXFileReference; lastKnownFileType = text.plist.strings; name = en; path = en.lproj/InfoPlist.strings; sourceTree = "<group>"; };
		1CFBD10717ED66AC006A93DE /* main.m */ = {isa = PBXFileReference; lastKnownFileType = sourcecode.c.objc; path = main.m; sourceTree = "<group>"; };
		1CFBD10917ED66AC006A93DE /* Book-Prefix.pch */ = {isa = PBXFileReference; lastKnownFileType = sourcecode.c.h; path = "Book-Prefix.pch"; sourceTree = "<group>"; };
		1CFBD10A17ED66AC006A93DE /* AppDelegate.h */ = {isa = PBXFileReference; lastKnownFileType = sourcecode.c.h; path = AppDelegate.h; sourceTree = "<group>"; };
		1CFBD10B17ED66AC006A93DE /* AppDelegate.m */ = {isa = PBXFileReference; lastKnownFileType = sourcecode.c.objc; path = AppDelegate.m; sourceTree = "<group>"; };
		1CFBD10D17ED66AC006A93DE /* Default.png */ = {isa = PBXFileReference; lastKnownFileType = image.png; path = Default.png; sourceTree = "<group>"; };
		1CFBD10F17ED66AC006A93DE /* Default@2x.png */ = {isa = PBXFileReference; lastKnownFileType = image.png; path = "Default@2x.png"; sourceTree = "<group>"; };
		1CFBD11117ED66AC006A93DE /* Default-568h@2x.png */ = {isa = PBXFileReference; lastKnownFileType = image.png; path = "Default-568h@2x.png"; sourceTree = "<group>"; };
		1CFBD11317ED66AD006A93DE /* ViewController.h */ = {isa = PBXFileReference; lastKnownFileType = sourcecode.c.h; path = ViewController.h; sourceTree = "<group>"; };
		1CFBD11417ED66AD006A93DE /* ViewController.m */ = {isa = PBXFileReference; lastKnownFileType = sourcecode.c.objc; path = ViewController.m; sourceTree = "<group>"; };
		1CFBD11717ED66AD006A93DE /* en */ = {isa = PBXFileReference; lastKnownFileType = file.xib; name = en; path = en.lproj/ViewController_iPhone.xib; sourceTree = "<group>"; };
		1CFBD11A17ED66AD006A93DE /* en */ = {isa = PBXFileReference; lastKnownFileType = file.xib; name = en; path = en.lproj/ViewController_iPad.xib; sourceTree = "<group>"; };
		1CFBD12117ED6708006A93DE /* ai.txt */ = {isa = PBXFileReference; fileEncoding = 4; lastKnownFileType = text; name = ai.txt; path = Book/ai.txt; sourceTree = "<group>"; };
		1CFBD12217ED6708006A93DE /* shinian.txt */ = {isa = PBXFileReference; fileEncoding = 4; lastKnownFileType = text; name = shinian.txt; path = Book/shinian.txt; sourceTree = "<group>"; };
		1CFBD12317ED6708006A93DE /* zuishuxidemoshengren.txt */ = {isa = PBXFileReference; fileEncoding = 4; lastKnownFileType = text; name = zuishuxidemoshengren.txt; path = Book/zuishuxidemoshengren.txt; sourceTree = "<group>"; };
/* End PBXFileReference section */

/* Begin PBXFrameworksBuildPhase section */
		1CFBD0F517ED66AB006A93DE /* Frameworks */ = {
			isa = PBXFrameworksBuildPhase;
			buildActionMask = 2147483647;
			files = (
				1CFBD0FC17ED66AB006A93DE /* UIKit.framework in Frameworks */,
				1CFBD0FE17ED66AB006A93DE /* Foundation.framework in Frameworks */,
				1CFBD10017ED66AB006A93DE /* CoreGraphics.framework in Frameworks */,
			);
			runOnlyForDeploymentPostprocessing = 0;
		};
/* End PBXFrameworksBuildPhase section */

/* Begin PBXGroup section */
		1CFBD0EF17ED66AB006A93DE = {
			isa = PBXGroup;
			children = (
				1CFBD12717ED6713006A93DE /* txt文件 */,
				1CFBD10117ED66AB006A93DE /* Book */,
				1CFBD0FA17ED66AB006A93DE /* Frameworks */,
				1CFBD0F917ED66AB006A93DE /* Products */,
			);
			sourceTree = "<group>";
		};
		1CFBD0F917ED66AB006A93DE /* Products */ = {
			isa = PBXGroup;
			children = (
				1CFBD0F817ED66AB006A93DE /* Book.app */,
			);
			name = Products;
			sourceTree = "<group>";
		};
		1CFBD0FA17ED66AB006A93DE /* Frameworks */ = {
			isa = PBXGroup;
			children = (
				1CFBD0FB17ED66AB006A93DE /* UIKit.framework */,
				1CFBD0FD17ED66AB006A93DE /* Foundation.framework */,
				1CFBD0FF17ED66AB006A93DE /* CoreGraphics.framework */,
			);
			name = Frameworks;
			sourceTree = "<group>";
		};
		1CFBD10117ED66AB006A93DE /* Book */ = {
			isa = PBXGroup;
			children = (
				1CFBD10A17ED66AC006A93DE /* AppDelegate.h */,
				1CFBD10B17ED66AC006A93DE /* AppDelegate.m */,
				1CFBD11317ED66AD006A93DE /* ViewController.h */,
				1CFBD11417ED66AD006A93DE /* ViewController.m */,
				1CFBD11617ED66AD006A93DE /* ViewController_iPhone.xib */,
				1CFBD11917ED66AD006A93DE /* ViewController_iPad.xib */,
				1CFBD10217ED66AB006A93DE /* Supporting Files */,
			);
			path = Book;
			sourceTree = "<group>";
		};
		1CFBD10217ED66AB006A93DE /* Supporting Files */ = {
			isa = PBXGroup;
			children = (
				1CFBD10317ED66AB006A93DE /* Book-Info.plist */,
				1CFBD10417ED66AC006A93DE /* InfoPlist.strings */,
				1CFBD10717ED66AC006A93DE /* main.m */,
				1CFBD10917ED66AC006A93DE /* Book-Prefix.pch */,
				1CFBD10D17ED66AC006A93DE /* Default.png */,
				1CFBD10F17ED66AC006A93DE /* Default@2x.png */,
				1CFBD11117ED66AC006A93DE /* Default-568h@2x.png */,
			);
			name = "Supporting Files";
			sourceTree = "<group>";
		};
		1CFBD12717ED6713006A93DE /* txt文件 */ = {
			isa = PBXGroup;
			children = (
				1CFBD12117ED6708006A93DE /* ai.txt */,
				1CFBD12217ED6708006A93DE /* shinian.txt */,
				1CFBD12317ED6708006A93DE /* zuishuxidemoshengren.txt */,
			);
			name = "txt文件";
			sourceTree = "<group>";
		};
/* End PBXGroup section */

/* Begin PBXNativeTarget section */
		1CFBD0F717ED66AB006A93DE /* Book */ = {
			isa = PBXNativeTarget;
			buildConfigurationList = 1CFBD11E17ED66AD006A93DE /* Build configuration list for PBXNativeTarget "Book" */;
			buildPhases = (
				1CFBD0F417ED66AB006A93DE /* Sources */,
				1CFBD0F517ED66AB006A93DE /* Frameworks */,
				1CFBD0F617ED66AB006A93DE /* Resources */,
			);
			buildRules = (
			);
			dependencies = (
			);
			name = Book;
			productName = Book;
			productReference = 1CFBD0F817ED66AB006A93DE /* Book.app */;
			productType = "com.apple.product-type.application";
		};
/* End PBXNativeTarget section */

/* Begin PBXProject section */
		1CFBD0F017ED66AB006A93DE /* Project object */ = {
			isa = PBXProject;
			attributes = {
				LastUpgradeCheck = 0460;
				ORGANIZATIONNAME = ZKR;
			};
			buildConfigurationList = 1CFBD0F317ED66AB006A93DE /* Build configuration list for PBXProject "Book" */;
			compatibilityVersion = "Xcode 3.2";
			developmentRegion = English;
			hasScannedForEncodings = 0;
			knownRegions = (
				en,
			);
			mainGroup = 1CFBD0EF17ED66AB006A93DE;
			productRefGroup = 1CFBD0F917ED66AB006A93DE /* Products */;
			projectDirPath = "";
			projectRoot = "";
			targets = (
				1CFBD0F717ED66AB006A93DE /* Book */,
			);
		};
/* End PBXProject section */

/* Begin PBXResourcesBuildPhase section */
		1CFBD0F617ED66AB006A93DE /* Resources */ = {
			isa = PBXResourcesBuildPhase;
			buildActionMask = 2147483647;
			files = (
				1CFBD10617ED66AC006A93DE /* InfoPlist.strings in Resources */,
				1CFBD10E17ED66AC006A93DE /* Default.png in Resources */,
				1CFBD11017ED66AC006A93DE /* Default@2x.png in Resources */,
				1CFBD11217ED66AC006A93DE /* Default-568h@2x.png in Resources */,
				1CFBD11817ED66AD006A93DE /* ViewController_iPhone.xib in Resources */,
				1CFBD11B17ED66AD006A93DE /* ViewController_iPad.xib in Resources */,
				1CFBD12417ED6708006A93DE /* ai.txt in Resources */,
				1CFBD12517ED6708006A93DE /* shinian.txt in Resources */,
				1CFBD12617ED6708006A93DE /* zuishuxidemoshengren.txt in Resources */,
			);
			runOnlyForDeploymentPostprocessing = 0;
		};
/* End PBXResourcesBuildPhase section */

/* Begin PBXSourcesBuildPhase section */
		1CFBD0F417ED66AB006A93DE /* Sources */ = {
			isa = PBXSourcesBuildPhase;
			buildActionMask = 2147483647;
			files = (
				1CFBD10817ED66AC006A93DE /* main.m in Sources */,
				1CFBD10C17ED66AC006A93DE /* AppDelegate.m in Sources */,
				1CFBD11517ED66AD006A93DE /* ViewController.m in Sources */,
			);
			runOnlyForDeploymentPostprocessing = 0;
		};
/* End PBXSourcesBuildPhase section */

/* Begin PBXVariantGroup section */
		1CFBD10417ED66AC006A93DE /* InfoPlist.strings */ = {
			isa = PBXVariantGroup;
			children = (
				1CFBD10517ED66AC006A93DE /* en */,
			);
			name = InfoPlist.strings;
			sourceTree = "<group>";
		};
		1CFBD11617ED66AD006A93DE /* ViewController_iPhone.xib */ = {
			isa = PBXVariantGroup;
			children = (
				1CFBD11717ED66AD006A93DE /* en */,
			);
			name = ViewController_iPhone.xib;
			sourceTree = "<group>";
		};
		1CFBD11917ED66AD006A93DE /* ViewController_iPad.xib */ = {
			isa = PBXVariantGroup;
			children = (
				1CFBD11A17ED66AD006A93DE /* en */,
			);
			name = ViewController_iPad.xib;
			sourceTree = "<group>";
		};
/* End PBXVariantGroup section */

/* Begin XCBuildConfiguration section */
		1CFBD11C17ED66AD006A93DE /* Debug */ = {
			isa = XCBuildConfiguration;
			buildSettings = {
				ALWAYS_SEARCH_USER_PATHS = NO;
				CLANG_CXX_LANGUAGE_STANDARD = "gnu++0x";
				CLANG_CXX_LIBRARY = "libc++";
				CLANG_WARN_CONSTANT_CONVERSION = YES;
				CLANG_WARN_EMPTY_BODY = YES;
				CLANG_WARN_ENUM_CONVERSION = YES;
				CLANG_WARN_INT_CONVERSION = YES;
				CLANG_WARN__DUPLICATE_METHOD_MATCH = YES;
				"CODE_SIGN_IDENTITY[sdk=iphoneos*]" = "iPhone Developer";
				COPY_PHASE_STRIP = NO;
				GCC_C_LANGUAGE_STANDARD = gnu99;
				GCC_DYNAMIC_NO_PIC = NO;
				GCC_OPTIMIZATION_LEVEL = 0;
				GCC_PREPROCESSOR_DEFINITIONS = (
					"DEBUG=1",
					"$(inherited)",
				);
				GCC_SYMBOLS_PRIVATE_EXTERN = NO;
				GCC_WARN_ABOUT_RETURN_TYPE = YES;
				GCC_WARN_UNINITIALIZED_AUTOS = YES;
				GCC_WARN_UNUSED_VARIABLE = YES;
				IPHONEOS_DEPLOYMENT_TARGET = 6.1;
				ONLY_ACTIVE_ARCH = YES;
				SDKROOT = iphoneos;
				TARGETED_DEVICE_FAMILY = "1,2";
			};
			name = Debug;
		};
		1CFBD11D17ED66AD006A93DE /* Release */ = {
			isa = XCBuildConfiguration;
			buildSettings = {
				ALWAYS_SEARCH_USER_PATHS = NO;
				CLANG_CXX_LANGUAGE_STANDARD = "gnu++0x";
				CLANG_CXX_LIBRARY = "libc++";
				CLANG_WARN_CONSTANT_CONVERSION = YES;
				CLANG_WARN_EMPTY_BODY = YES;
				CLANG_WARN_ENUM_CONVERSION = YES;
				CLANG_WARN_INT_CONVERSION = YES;
				CLANG_WARN__DUPLICATE_METHOD_MATCH = YES;
				"CODE_SIGN_IDENTITY[sdk=iphoneos*]" = "iPhone Developer";
				COPY_PHASE_STRIP = YES;
				GCC_C_LANGUAGE_STANDARD = gnu99;
				GCC_WARN_ABOUT_RETURN_TYPE = YES;
				GCC_WARN_UNINITIALIZED_AUTOS = YES;
				GCC_WARN_UNUSED_VARIABLE = YES;
				IPHONEOS_DEPLOYMENT_TARGET = 6.1;
				OTHER_CFLAGS = "-DNS_BLOCK_ASSERTIONS=1";
				SDKROOT = iphoneos;
				TARGETED_DEVICE_FAMILY = "1,2";
				VALIDATE_PRODUCT = YES;
			};
			name = Release;
		};
		1CFBD11F17ED66AD006A93DE /* Debug */ = {
			isa = XCBuildConfiguration;
			buildSettings = {
				GCC_PRECOMPILE_PREFIX_HEADER = YES;
				GCC_PREFIX_HEADER = "Book/Book-Prefix.pch";
				INFOPLIST_FILE = "Book/Book-Info.plist";
				PRODUCT_NAME = "$(TARGET_NAME)";
				WRAPPER_EXTENSION = app;
			};
			name = Debug;
		};
		1CFBD12017ED66AD006A93DE /* Release */ = {
			isa = XCBuildConfiguration;
			buildSettings = {
				GCC_PRECOMPILE_PREFIX_HEADER = YES;
				GCC_PREFIX_HEADER = "Book/Book-Prefix.pch";
				INFOPLIST_FILE = "Book/Book-Info.plist";
				PRODUCT_NAME = "$(TARGET_NAME)";
				WRAPPER_EXTENSION = app;
			};
			name = Release;
		};
/* End XCBuildConfiguration section */

/* Begin XCConfigurationList section */
		1CFBD0F317ED66AB006A93DE /* Build configuration list for PBXProject "Book" */ = {
			isa = XCConfigurationList;
			buildConfigurations = (
				1CFBD11C17ED66AD006A93DE /* Debug */,
				1CFBD11D17ED66AD006A93DE /* Release */,
			);
			defaultConfigurationIsVisible = 0;
			defaultConfigurationName = Release;
		};
		1CFBD11E17ED66AD006A93DE /* Build configuration list for PBXNativeTarget "Book" */ = {
			isa = XCConfigurationList;
			buildConfigurations = (
				1CFBD11F17ED66AD006A93DE /* Debug */,
				1CFBD12017ED66AD006A93DE /* Release */,
			);
			defaultConfigurationIsVisible = 0;
		};
/* End XCConfigurationList section */
	};
	rootObject = 1CFBD0F017ED66AB006A93DE /* Project object */;
}
